
Microsoft Visual Studio Solution File, Format Version 12.00
# Visual Studio Version 17
VisualStudioVersion = 17.11.35303.130
MinimumVisualStudioVersion = 10.0.40219.1
Project("{FAE04EC0-301F-11D3-BF4B-00C04F79EFBC}") = "DeepDapper", "DeepDapper.csproj", "{D444C5AD-D63F-4C23-9259-0C3E5D4031A7}"
EndProject
Project("{FAE04EC0-301F-11D3-BF4B-00C04F79EFBC}") = "DATAACCESS", "..\DATAACCESS\DATAACCESS.csproj", "{07359B46-3BD9-44A3-AAE5-D4205E1BD44B}"
EndProject
Global
	GlobalSection(SolutionConfigurationPlatforms) = preSolution
		Debug|Any CPU = Debug|Any CPU
		Release|Any CPU = Release|Any CPU
	EndGlobalSection
	GlobalSection(ProjectConfigurationPlatforms) = postSolution
		{D444C5AD-D63F-4C23-9259-0C3E5D4031A7}.Debug|Any CPU.ActiveCfg = Debug|Any CPU
		{D444C5AD-D63F-4C23-9259-0C3E5D4031A7}.Debug|Any CPU.Build.0 = Debug|Any CPU
		{D444C5AD-D63F-4C23-9259-0C3E5D4031A7}.Release|Any CPU.ActiveCfg = Release|Any CPU
		{D444C5AD-D63F-4C23-9259-0C3E5D4031A7}.Release|Any CPU.Build.0 = Release|Any CPU
		{07359B46-3BD9-44A3-AAE5-D4205E1BD44B}.Debug|Any CPU.ActiveCfg = Debug|Any CPU
		{07359B46-3BD9-44A3-AAE5-D4205E1BD44B}.Debug|Any CPU.Build.0 = Debug|Any CPU
		{07359B46-3BD9-44A3-AAE5-D4205E1BD44B}.Release|Any CPU.ActiveCfg = Release|Any CPU
		{07359B46-3BD9-44A3-AAE5-D4205E1BD44B}.Release|Any CPU.Build.0 = Release|Any CPU
	EndGlobalSection
	GlobalSection(SolutionProperties) = preSolution
		HideSolutionNode = FALSE
	EndGlobalSection
	GlobalSection(ExtensibilityGlobals) = postSolution
		SolutionGuid = {A02A2317-C1AA-4C5D-BEBA-3F1AA46F20C4}
	EndGlobalSection
EndGlobal
